
Microsoft Visual Studio Solution File, Format Version 12.00
# Visual Studio Version 16
VisualStudioVersion = 16.0.30717.126
MinimumVisualStudioVersion = 10.0.40219.1
Project("{FAE04EC0-301F-11D3-BF4B-00C04F79EFBC}") = "Study_TreeView", "Study_TreeView\Study_TreeView.csproj", "{AF6C841E-64D2-49FF-A926-4A341CAEDA26}"
EndProject
Global
	GlobalSection(SolutionConfigurationPlatforms) = preSolution
		Debug|Any CPU = Debug|Any CPU
		Release|Any CPU = Release|Any CPU
	EndGlobalSection
	GlobalSection(ProjectConfigurationPlatforms) = postSolution
		{AF6C841E-64D2-49FF-A926-4A341CAEDA26}.Debug|Any CPU.ActiveCfg = Debug|Any CPU
		{AF6C841E-64D2-49FF-A926-4A341CAEDA26}.Debug|Any CPU.Build.0 = Debug|Any CPU
		{AF6C841E-64D2-49FF-A926-4A341CAEDA26}.Release|Any CPU.ActiveCfg = Release|Any CPU
		{AF6C841E-64D2-49FF-A926-4A341CAEDA26}.Release|Any CPU.Build.0 = Release|Any CPU
	EndGlobalSection
	GlobalSection(SolutionProperties) = preSolution
		HideSolutionNode = FALSE
	EndGlobalSection
	GlobalSection(ExtensibilityGlobals) = postSolution
		SolutionGuid = {9DA03309-CDFC-44E3-9017-A94475DAC917}
	EndGlobalSection
EndGlobal
